// !$*UTF8*$!
{
	archiveVersion = 1;
	classes = {
	};
	objectVersion = 50;
	objects = {

/* Begin PBXBuildFile section */
		6637602A2749C629008D1478 /* ThemeView.swift in Sources */ = {isa = PBXBuildFile; fileRef = 663760292749C629008D1478 /* ThemeView.swift */; };
		6637602C2749C6DF008D1478 /* RoundedBox.swift in Sources */ = {isa = PBXBuildFile; fileRef = 6637602B2749C6DF008D1478 /* RoundedBox.swift */; };
		6637602E2749C756008D1478 /* BoxList.swift in Sources */ = {isa = PBXBuildFile; fileRef = 6637602D2749C756008D1478 /* BoxList.swift */; };
		6665F1BA271CE8E100F431E6 /* TaskView.swift in Sources */ = {isa = PBXBuildFile; fileRef = 6665F1B9271CE8E100F431E6 /* TaskView.swift */; };
		66B2945A272638D9006809CC /* AddNewThemeModal.swift in Sources */ = {isa = PBXBuildFile; fileRef = 66B29459272638D9006809CC /* AddNewThemeModal.swift */; };
		66E36AE126CDCC29002644AE /* ToDoApp.swift in Sources */ = {isa = PBXBuildFile; fileRef = 66E36AE026CDCC29002644AE /* ToDoApp.swift */; };
		66E36AE326CDCC29002644AE /* ContentView.swift in Sources */ = {isa = PBXBuildFile; fileRef = 66E36AE226CDCC29002644AE /* ContentView.swift */; };
		66E36AE526CDCC2B002644AE /* Assets.xcassets in Resources */ = {isa = PBXBuildFile; fileRef = 66E36AE426CDCC2B002644AE /* Assets.xcassets */; };
		66E36AE826CDCC2B002644AE /* Preview Assets.xcassets in Resources */ = {isa = PBXBuildFile; fileRef = 66E36AE726CDCC2B002644AE /* Preview Assets.xcassets */; };
		66E36B1726CDD266002644AE /* Theme.swift in Sources */ = {isa = PBXBuildFile; fileRef = 66E36B1626CDD266002644AE /* Theme.swift */; };
		66E36B1C26CDDC4F002644AE /* GoalView.swift in Sources */ = {isa = PBXBuildFile; fileRef = 66E36B1B26CDDC4F002644AE /* GoalView.swift */; };
/* End PBXBuildFile section */

/* Begin PBXFileReference section */
		663760292749C629008D1478 /* ThemeView.swift */ = {isa = PBXFileReference; lastKnownFileType = sourcecode.swift; path = ThemeView.swift; sourceTree = "<group>"; };
		6637602B2749C6DF008D1478 /* RoundedBox.swift */ = {isa = PBXFileReference; lastKnownFileType = sourcecode.swift; path = RoundedBox.swift; sourceTree = "<group>"; };
		6637602D2749C756008D1478 /* BoxList.swift */ = {isa = PBXFileReference; lastKnownFileType = sourcecode.swift; path = BoxList.swift; sourceTree = "<group>"; };
		6665F1B9271CE8E100F431E6 /* TaskView.swift */ = {isa = PBXFileReference; lastKnownFileType = sourcecode.swift; path = TaskView.swift; sourceTree = "<group>"; };
		66B29459272638D9006809CC /* AddNewThemeModal.swift */ = {isa = PBXFileReference; lastKnownFileType = sourcecode.swift; path = AddNewThemeModal.swift; sourceTree = "<group>"; };
		66E36ADD26CDCC29002644AE /* ToDo.app */ = {isa = PBXFileReference; explicitFileType = wrapper.application; includeInIndex = 0; path = ToDo.app; sourceTree = BUILT_PRODUCTS_DIR; };
		66E36AE026CDCC29002644AE /* ToDoApp.swift */ = {isa = PBXFileReference; lastKnownFileType = sourcecode.swift; path = ToDoApp.swift; sourceTree = "<group>"; };
		66E36AE226CDCC29002644AE /* ContentView.swift */ = {isa = PBXFileReference; lastKnownFileType = sourcecode.swift; path = ContentView.swift; sourceTree = "<group>"; };
		66E36AE426CDCC2B002644AE /* Assets.xcassets */ = {isa = PBXFileReference; lastKnownFileType = folder.assetcatalog; path = Assets.xcassets; sourceTree = "<group>"; };
		66E36AE726CDCC2B002644AE /* Preview Assets.xcassets */ = {isa = PBXFileReference; lastKnownFileType = folder.assetcatalog; path = "Preview Assets.xcassets"; sourceTree = "<group>"; };
		66E36AE926CDCC2B002644AE /* Info.plist */ = {isa = PBXFileReference; lastKnownFileType = text.plist.xml; path = Info.plist; sourceTree = "<group>"; };
		66E36B1626CDD266002644AE /* Theme.swift */ = {isa = PBXFileReference; lastKnownFileType = sourcecode.swift; path = Theme.swift; sourceTree = "<group>"; };
		66E36B1B26CDDC4F002644AE /* GoalView.swift */ = {isa = PBXFileReference; lastKnownFileType = sourcecode.swift; path = GoalView.swift; sourceTree = "<group>"; };
/* End PBXFileReference section */

/* Begin PBXFrameworksBuildPhase section */
		66E36ADA26CDCC29002644AE /* Frameworks */ = {
			isa = PBXFrameworksBuildPhase;
			buildActionMask = 2147483647;
			files = (
			);
			runOnlyForDeploymentPostprocessing = 0;
		};
/* End PBXFrameworksBuildPhase section */

/* Begin PBXGroup section */
		66B29458272638BC006809CC /* Modals */ = {
			isa = PBXGroup;
			children = (
				66B29459272638D9006809CC /* AddNewThemeModal.swift */,
			);
			path = Modals;
			sourceTree = "<group>";
		};
		66E36AD426CDCC29002644AE = {
			isa = PBXGroup;
			children = (
				66E36ADF26CDCC29002644AE /* ToDo */,
				66E36ADE26CDCC29002644AE /* Products */,
			);
			sourceTree = "<group>";
		};
		66E36ADE26CDCC29002644AE /* Products */ = {
			isa = PBXGroup;
			children = (
				66E36ADD26CDCC29002644AE /* ToDo.app */,
			);
			name = Products;
			sourceTree = "<group>";
		};
		66E36ADF26CDCC29002644AE /* ToDo */ = {
			isa = PBXGroup;
			children = (
				66E36B1A26CDD271002644AE /* App */,
				66B29458272638BC006809CC /* Modals */,
				66E36B1526CDD24E002644AE /* Model */,
				66E36B0B26CDCD85002644AE /* Views */,
			);
			path = ToDo;
			sourceTree = "<group>";
		};
		66E36AE626CDCC2B002644AE /* Preview Content */ = {
			isa = PBXGroup;
			children = (
				66E36AE726CDCC2B002644AE /* Preview Assets.xcassets */,
			);
			path = "Preview Content";
			sourceTree = "<group>";
		};
		66E36B0B26CDCD85002644AE /* Views */ = {
			isa = PBXGroup;
			children = (
				66E36AE226CDCC29002644AE /* ContentView.swift */,
				66E36B1B26CDDC4F002644AE /* GoalView.swift */,
				6665F1B9271CE8E100F431E6 /* TaskView.swift */,
				663760292749C629008D1478 /* ThemeView.swift */,
				6637602B2749C6DF008D1478 /* RoundedBox.swift */,
				6637602D2749C756008D1478 /* BoxList.swift */,
			);
			path = Views;
			sourceTree = "<group>";
		};
		66E36B1526CDD24E002644AE /* Model */ = {
			isa = PBXGroup;
			children = (
				66E36B1626CDD266002644AE /* Theme.swift */,
			);
			path = Model;
			sourceTree = "<group>";
		};
		66E36B1A26CDD271002644AE /* App */ = {
			isa = PBXGroup;
			children = (
				66E36AE026CDCC29002644AE /* ToDoApp.swift */,
				66E36AE426CDCC2B002644AE /* Assets.xcassets */,
				66E36AE926CDCC2B002644AE /* Info.plist */,
				66E36AE626CDCC2B002644AE /* Preview Content */,
			);
			path = App;
			sourceTree = "<group>";
		};
/* End PBXGroup section */

/* Begin PBXNativeTarget section */
		66E36ADC26CDCC29002644AE /* ToDo */ = {
			isa = PBXNativeTarget;
			buildConfigurationList = 66E36B0226CDCC2B002644AE /* Build configuration list for PBXNativeTarget "ToDo" */;
			buildPhases = (
				66E36AD926CDCC29002644AE /* Sources */,
				66E36ADA26CDCC29002644AE /* Frameworks */,
				66E36ADB26CDCC29002644AE /* Resources */,
			);
			buildRules = (
			);
			dependencies = (
			);
			name = ToDo;
			productName = ToDo;
			productReference = 66E36ADD26CDCC29002644AE /* ToDo.app */;
			productType = "com.apple.product-type.application";
		};
/* End PBXNativeTarget section */

/* Begin PBXProject section */
		66E36AD526CDCC29002644AE /* Project object */ = {
			isa = PBXProject;
			attributes = {
				LastSwiftUpdateCheck = 1250;
				LastUpgradeCheck = 1250;
				TargetAttributes = {
					66E36ADC26CDCC29002644AE = {
						CreatedOnToolsVersion = 12.5.1;
					};
				};
			};
			buildConfigurationList = 66E36AD826CDCC29002644AE /* Build configuration list for PBXProject "ToDo" */;
			compatibilityVersion = "Xcode 9.3";
			developmentRegion = en;
			hasScannedForEncodings = 0;
			knownRegions = (
				en,
				Base,
			);
			mainGroup = 66E36AD426CDCC29002644AE;
			productRefGroup = 66E36ADE26CDCC29002644AE /* Products */;
			projectDirPath = "";
			projectRoot = "";
			targets = (
				66E36ADC26CDCC29002644AE /* ToDo */,
			);
		};
/* End PBXProject section */

/* Begin PBXResourcesBuildPhase section */
		66E36ADB26CDCC29002644AE /* Resources */ = {
			isa = PBXResourcesBuildPhase;
			buildActionMask = 2147483647;
			files = (
				66E36AE826CDCC2B002644AE /* Preview Assets.xcassets in Resources */,
				66E36AE526CDCC2B002644AE /* Assets.xcassets in Resources */,
			);
			runOnlyForDeploymentPostprocessing = 0;
		};
/* End PBXResourcesBuildPhase section */

/* Begin PBXSourcesBuildPhase section */
		66E36AD926CDCC29002644AE /* Sources */ = {
			isa = PBXSourcesBuildPhase;
			buildActionMask = 2147483647;
			files = (
				66E36AE326CDCC29002644AE /* ContentView.swift in Sources */,
				6637602A2749C629008D1478 /* ThemeView.swift in Sources */,
				66E36B1726CDD266002644AE /* Theme.swift in Sources */,
				66B2945A272638D9006809CC /* AddNewThemeModal.swift in Sources */,
				66E36B1C26CDDC4F002644AE /* GoalView.swift in Sources */,
				6637602C2749C6DF008D1478 /* RoundedBox.swift in Sources */,
				6637602E2749C756008D1478 /* BoxList.swift in Sources */,
				6665F1BA271CE8E100F431E6 /* TaskView.swift in Sources */,
				66E36AE126CDCC29002644AE /* ToDoApp.swift in Sources */,
			);
			runOnlyForDeploymentPostprocessing = 0;
		};
/* End PBXSourcesBuildPhase section */

/* Begin XCBuildConfiguration section */
		66E36B0026CDCC2B002644AE /* Debug */ = {
			isa = XCBuildConfiguration;
			buildSettings = {
				ALWAYS_SEARCH_USER_PATHS = NO;
				CLANG_ANALYZER_NONNULL = YES;
				CLANG_ANALYZER_NUMBER_OBJECT_CONVERSION = YES_AGGRESSIVE;
				CLANG_CXX_LANGUAGE_STANDARD = "gnu++14";
				CLANG_CXX_LIBRARY = "libc++";
				CLANG_ENABLE_MODULES = YES;
				CLANG_ENABLE_OBJC_ARC = YES;
				CLANG_ENABLE_OBJC_WEAK = YES;
				CLANG_WARN_BLOCK_CAPTURE_AUTORELEASING = YES;
				CLANG_WARN_BOOL_CONVERSION = YES;
				CLANG_WARN_COMMA = YES;
				CLANG_WARN_CONSTANT_CONVERSION = YES;
				CLANG_WARN_DEPRECATED_OBJC_IMPLEMENTATIONS = YES;
				CLANG_WARN_DIRECT_OBJC_ISA_USAGE = YES_ERROR;
				CLANG_WARN_DOCUMENTATION_COMMENTS = YES;
				CLANG_WARN_EMPTY_BODY = YES;
				CLANG_WARN_ENUM_CONVERSION = YES;
				CLANG_WARN_INFINITE_RECURSION = YES;
				CLANG_WARN_INT_CONVERSION = YES;
				CLANG_WARN_NON_LITERAL_NULL_CONVERSION = YES;
				CLANG_WARN_OBJC_IMPLICIT_RETAIN_SELF = YES;
				CLANG_WARN_OBJC_LITERAL_CONVERSION = YES;
				CLANG_WARN_OBJC_ROOT_CLASS = YES_ERROR;
				CLANG_WARN_QUOTED_INCLUDE_IN_FRAMEWORK_HEADER = YES;
				CLANG_WARN_RANGE_LOOP_ANALYSIS = YES;
				CLANG_WARN_STRICT_PROTOTYPES = YES;
				CLANG_WARN_SUSPICIOUS_MOVE = YES;
				CLANG_WARN_UNGUARDED_AVAILABILITY = YES_AGGRESSIVE;
				CLANG_WARN_UNREACHABLE_CODE = YES;
				CLANG_WARN__DUPLICATE_METHOD_MATCH = YES;
				COPY_PHASE_STRIP = NO;
				DEBUG_INFORMATION_FORMAT = dwarf;
				ENABLE_STRICT_OBJC_MSGSEND = YES;
				ENABLE_TESTABILITY = YES;
				GCC_C_LANGUAGE_STANDARD = gnu11;
				GCC_DYNAMIC_NO_PIC = NO;
				GCC_NO_COMMON_BLOCKS = YES;
				GCC_OPTIMIZATION_LEVEL = 0;
				GCC_PREPROCESSOR_DEFINITIONS = (
					"DEBUG=1",
					"$(inherited)",
				);
				GCC_WARN_64_TO_32_BIT_CONVERSION = YES;
				GCC_WARN_ABOUT_RETURN_TYPE = YES_ERROR;
				GCC_WARN_UNDECLARED_SELECTOR = YES;
				GCC_WARN_UNINITIALIZED_AUTOS = YES_AGGRESSIVE;
				GCC_WARN_UNUSED_FUNCTION = YES;
				GCC_WARN_UNUSED_VARIABLE = YES;
				IPHONEOS_DEPLOYMENT_TARGET = 15.0;
				MTL_ENABLE_DEBUG_INFO = INCLUDE_SOURCE;
				MTL_FAST_MATH = YES;
				ONLY_ACTIVE_ARCH = YES;
				SDKROOT = iphoneos;
				SWIFT_ACTIVE_COMPILATION_CONDITIONS = DEBUG;
				SWIFT_OPTIMIZATION_LEVEL = "-Onone";
			};
			name = Debug;
		};
		66E36B0126CDCC2B002644AE /* Release */ = {
			isa = XCBuildConfiguration;
			buildSettings = {
				ALWAYS_SEARCH_USER_PATHS = NO;
				CLANG_ANALYZER_NONNULL = YES;
				CLANG_ANALYZER_NUMBER_OBJECT_CONVERSION = YES_AGGRESSIVE;
				CLANG_CXX_LANGUAGE_STANDARD = "gnu++14";
				CLANG_CXX_LIBRARY = "libc++";
				CLANG_ENABLE_MODULES = YES;
				CLANG_ENABLE_OBJC_ARC = YES;
				CLANG_ENABLE_OBJC_WEAK = YES;
				CLANG_WARN_BLOCK_CAPTURE_AUTORELEASING = YES;
				CLANG_WARN_BOOL_CONVERSION = YES;
				CLANG_WARN_COMMA = YES;
				CLANG_WARN_CONSTANT_CONVERSION = YES;
				CLANG_WARN_DEPRECATED_OBJC_IMPLEMENTATIONS = YES;
				CLANG_WARN_DIRECT_OBJC_ISA_USAGE = YES_ERROR;
				CLANG_WARN_DOCUMENTATION_COMMENTS = YES;
				CLANG_WARN_EMPTY_BODY = YES;
				CLANG_WARN_ENUM_CONVERSION = YES;
				CLANG_WARN_INFINITE_RECURSION = YES;
				CLANG_WARN_INT_CONVERSION = YES;
				CLANG_WARN_NON_LITERAL_NULL_CONVERSION = YES;
				CLANG_WARN_OBJC_IMPLICIT_RETAIN_SELF = YES;
				CLANG_WARN_OBJC_LITERAL_CONVERSION = YES;
				CLANG_WARN_OBJC_ROOT_CLASS = YES_ERROR;
				CLANG_WARN_QUOTED_INCLUDE_IN_FRAMEWORK_HEADER = YES;
				CLANG_WARN_RANGE_LOOP_ANALYSIS = YES;
				CLANG_WARN_STRICT_PROTOTYPES = YES;
				CLANG_WARN_SUSPICIOUS_MOVE = YES;
				CLANG_WARN_UNGUARDED_AVAILABILITY = YES_AGGRESSIVE;
				CLANG_WARN_UNREACHABLE_CODE = YES;
				CLANG_WARN__DUPLICATE_METHOD_MATCH = YES;
				COPY_PHASE_STRIP = NO;
				DEBUG_INFORMATION_FORMAT = "dwarf-with-dsym";
				ENABLE_NS_ASSERTIONS = NO;
				ENABLE_STRICT_OBJC_MSGSEND = YES;
				GCC_C_LANGUAGE_STANDARD = gnu11;
				GCC_NO_COMMON_BLOCKS = YES;
				GCC_WARN_64_TO_32_BIT_CONVERSION = YES;
				GCC_WARN_ABOUT_RETURN_TYPE = YES_ERROR;
				GCC_WARN_UNDECLARED_SELECTOR = YES;
				GCC_WARN_UNINITIALIZED_AUTOS = YES_AGGRESSIVE;
				GCC_WARN_UNUSED_FUNCTION = YES;
				GCC_WARN_UNUSED_VARIABLE = YES;
				IPHONEOS_DEPLOYMENT_TARGET = 15.0;
				MTL_ENABLE_DEBUG_INFO = NO;
				MTL_FAST_MATH = YES;
				SDKROOT = iphoneos;
				SWIFT_COMPILATION_MODE = wholemodule;
				SWIFT_OPTIMIZATION_LEVEL = "-O";
				VALIDATE_PRODUCT = YES;
			};
			name = Release;
		};
		66E36B0326CDCC2B002644AE /* Debug */ = {
			isa = XCBuildConfiguration;
			buildSettings = {
				ASSETCATALOG_COMPILER_APPICON_NAME = AppIcon;
				ASSETCATALOG_COMPILER_GLOBAL_ACCENT_COLOR_NAME = AccentColor;
				CODE_SIGN_STYLE = Automatic;
				DEVELOPMENT_ASSET_PATHS = "\"ToDo/App/Preview Content\"";
				DEVELOPMENT_TEAM = SBS6PCTEQ9;
				ENABLE_PREVIEWS = YES;
				INFOPLIST_FILE = ToDo/App/Info.plist;
				IPHONEOS_DEPLOYMENT_TARGET = 14.0;
				LD_RUNPATH_SEARCH_PATHS = (
					"$(inherited)",
					"@executable_path/Frameworks",
				);
				PRODUCT_BUNDLE_IDENTIFIER = com.drewbrokamp.ToDo;
				PRODUCT_NAME = "$(TARGET_NAME)";
				SWIFT_VERSION = 5.0;
				TARGETED_DEVICE_FAMILY = "1,2";
			};
			name = Debug;
		};
		66E36B0426CDCC2B002644AE /* Release */ = {
			isa = XCBuildConfiguration;
			buildSettings = {
				ASSETCATALOG_COMPILER_APPICON_NAME = AppIcon;
				ASSETCATALOG_COMPILER_GLOBAL_ACCENT_COLOR_NAME = AccentColor;
				CODE_SIGN_STYLE = Automatic;
				DEVELOPMENT_ASSET_PATHS = "\"ToDo/App/Preview Content\"";
				DEVELOPMENT_TEAM = SBS6PCTEQ9;
				ENABLE_PREVIEWS = YES;
				INFOPLIST_FILE = ToDo/App/Info.plist;
				IPHONEOS_DEPLOYMENT_TARGET = 14.0;
				LD_RUNPATH_SEARCH_PATHS = (
					"$(inherited)",
					"@executable_path/Frameworks",
				);
				PRODUCT_BUNDLE_IDENTIFIER = com.drewbrokamp.ToDo;
				PRODUCT_NAME = "$(TARGET_NAME)";
				SWIFT_VERSION = 5.0;
				TARGETED_DEVICE_FAMILY = "1,2";
			};
			name = Release;
		};
/* End XCBuildConfiguration section */

/* Begin XCConfigurationList section */
		66E36AD826CDCC29002644AE /* Build configuration list for PBXProject "ToDo" */ = {
			isa = XCConfigurationList;
			buildConfigurations = (
				66E36B0026CDCC2B002644AE /* Debug */,
				66E36B0126CDCC2B002644AE /* Release */,
			);
			defaultConfigurationIsVisible = 0;
			defaultConfigurationName = Release;
		};
		66E36B0226CDCC2B002644AE /* Build configuration list for PBXNativeTarget "ToDo" */ = {
			isa = XCConfigurationList;
			buildConfigurations = (
				66E36B0326CDCC2B002644AE /* Debug */,
				66E36B0426CDCC2B002644AE /* Release */,
			);
			defaultConfigurationIsVisible = 0;
			defaultConfigurationName = Release;
		};
/* End XCConfigurationList section */
	};
	rootObject = 66E36AD526CDCC29002644AE /* Project object */;
}
